
Microsoft Visual Studio Solution File, Format Version 12.00
# Visual Studio Version 16
VisualStudioVersion = 16.0.31112.23
MinimumVisualStudioVersion = 10.0.40219.1
Project("{FAE04EC0-301F-11D3-BF4B-00C04F79EFBC}") = "jjget", "jjget.csproj", "{69EAF08F-7ABA-4734-ADEF-96CCC126888A}"
EndProject
Global
	GlobalSection(SolutionConfigurationPlatforms) = preSolution
		Debug|Any CPU = Debug|Any CPU
		Release|Any CPU = Release|Any CPU
		SingleFile|Any CPU = SingleFile|Any CPU
	EndGlobalSection
	GlobalSection(ProjectConfigurationPlatforms) = postSolution
		{69EAF08F-7ABA-4734-ADEF-96CCC126888A}.Debug|Any CPU.ActiveCfg = Debug|Any CPU
		{69EAF08F-7ABA-4734-ADEF-96CCC126888A}.Debug|Any CPU.Build.0 = Debug|Any CPU
		{69EAF08F-7ABA-4734-ADEF-96CCC126888A}.Release|Any CPU.ActiveCfg = Release|Any CPU
		{69EAF08F-7ABA-4734-ADEF-96CCC126888A}.Release|Any CPU.Build.0 = Release|Any CPU
		{69EAF08F-7ABA-4734-ADEF-96CCC126888A}.SingleFile|Any CPU.ActiveCfg = SingleFile|Any CPU
		{69EAF08F-7ABA-4734-ADEF-96CCC126888A}.SingleFile|Any CPU.Build.0 = SingleFile|Any CPU
	EndGlobalSection
	GlobalSection(SolutionProperties) = preSolution
		HideSolutionNode = FALSE
	EndGlobalSection
	GlobalSection(ExtensibilityGlobals) = postSolution
		SolutionGuid = {7B666CF4-073B-41D6-8E09-63AC41BBBE36}
	EndGlobalSection
EndGlobal
